
Microsoft Visual Studio Solution File, Format Version 12.00
# Visual Studio Version 17
VisualStudioVersion = 17.0.32002.185
MinimumVisualStudioVersion = 10.0.40219.1
Project("{FAE04EC0-301F-11D3-BF4B-00C04F79EFBC}") = "Конвертер курса валют", "Конвертер курса валют.csproj", "{94FF8792-D059-46DE-89E4-34D5BEE6A395}"
EndProject
Global
	GlobalSection(SolutionConfigurationPlatforms) = preSolution
		Debug|Any CPU = Debug|Any CPU
		Release|Any CPU = Release|Any CPU
	EndGlobalSection
	GlobalSection(ProjectConfigurationPlatforms) = postSolution
		{94FF8792-D059-46DE-89E4-34D5BEE6A395}.Debug|Any CPU.ActiveCfg = Debug|Any CPU
		{94FF8792-D059-46DE-89E4-34D5BEE6A395}.Debug|Any CPU.Build.0 = Debug|Any CPU
		{94FF8792-D059-46DE-89E4-34D5BEE6A395}.Release|Any CPU.ActiveCfg = Release|Any CPU
		{94FF8792-D059-46DE-89E4-34D5BEE6A395}.Release|Any CPU.Build.0 = Release|Any CPU
	EndGlobalSection
	GlobalSection(SolutionProperties) = preSolution
		HideSolutionNode = FALSE
	EndGlobalSection
	GlobalSection(ExtensibilityGlobals) = postSolution
		SolutionGuid = {AD21C726-9260-4149-B414-06A882731728}
	EndGlobalSection
EndGlobal
